[[package]]
category = "main"
description = "Fast, Extensible Progress Meter"
name = "tqdm"
optional = false
python-versions = "!=3.0.*,!=3.1.*,!=3.2.*,!=3.3.*,>=2.7"
version = "4.56.2"

[package.extras]
dev = ["py-make (>=0.1.0)", "twine", "wheel"]
telegram = ["requests"]

[metadata]
content-hash = "0290ae6c4d5f9e9f16780d7340b75738f3866627286e4ca849200a19fc715635"
python-versions = "^3.8"

[metadata.files]
tqdm = [
    {file = "tqdm-4.56.2-py2.py3-none-any.whl", hash = "sha256:a89be573bfddb81bb0b395a416d5e55e3ecc73ce95a368a4f6360bedea33195e"},
    {file = "tqdm-4.56.2.tar.gz", hash = "sha256:11d544652edbdfc9cc41aa4c8a5c166513e279f3f2d9f1a9e1c89935b51de6ff"},
]
